// !$*UTF8*$!
{
	archiveVersion = 1;
	classes = {
	};
	objectVersion = 56;
	objects = {

/* Begin PBXBuildFile section */
		470891482A813E0400713CF4 /* BookingApp.swift in Sources */ = {isa = PBXBuildFile; fileRef = 470891472A813E0400713CF4 /* BookingApp.swift */; };
		4708914A2A813E0400713CF4 /* ContentView.swift in Sources */ = {isa = PBXBuildFile; fileRef = 470891492A813E0400713CF4 /* ContentView.swift */; };
		4708914C2A813E0500713CF4 /* Assets.xcassets in Resources */ = {isa = PBXBuildFile; fileRef = 4708914B2A813E0500713CF4 /* Assets.xcassets */; };
		470891502A813E0500713CF4 /* Preview Assets.xcassets in Resources */ = {isa = PBXBuildFile; fileRef = 4708914F2A813E0500713CF4 /* Preview Assets.xcassets */; };
		4708915A2A813E0500713CF4 /* BookingTests.swift in Sources */ = {isa = PBXBuildFile; fileRef = 470891592A813E0500713CF4 /* BookingTests.swift */; };
		470891642A813E0500713CF4 /* BookingUITests.swift in Sources */ = {isa = PBXBuildFile; fileRef = 470891632A813E0500713CF4 /* BookingUITests.swift */; };
		470891662A813E0500713CF4 /* BookingUITestsLaunchTests.swift in Sources */ = {isa = PBXBuildFile; fileRef = 470891652A813E0500713CF4 /* BookingUITestsLaunchTests.swift */; };
/* End PBXBuildFile section */

/* Begin PBXContainerItemProxy section */
		470891562A813E0500713CF4 /* PBXContainerItemProxy */ = {
			isa = PBXContainerItemProxy;
			containerPortal = 4708913C2A813E0400713CF4 /* Project object */;
			proxyType = 1;
			remoteGlobalIDString = 470891432A813E0400713CF4;
			remoteInfo = Booking;
		};
		470891602A813E0500713CF4 /* PBXContainerItemProxy */ = {
			isa = PBXContainerItemProxy;
			containerPortal = 4708913C2A813E0400713CF4 /* Project object */;
			proxyType = 1;
			remoteGlobalIDString = 470891432A813E0400713CF4;
			remoteInfo = Booking;
		};
/* End PBXContainerItemProxy section */

/* Begin PBXFileReference section */
		470891442A813E0400713CF4 /* Booking.app */ = {isa = PBXFileReference; explicitFileType = wrapper.application; includeInIndex = 0; path = Booking.app; sourceTree = BUILT_PRODUCTS_DIR; };
		470891472A813E0400713CF4 /* BookingApp.swift */ = {isa = PBXFileReference; lastKnownFileType = sourcecode.swift; path = BookingApp.swift; sourceTree = "<group>"; };
		470891492A813E0400713CF4 /* ContentView.swift */ = {isa = PBXFileReference; lastKnownFileType = sourcecode.swift; path = ContentView.swift; sourceTree = "<group>"; };
		4708914B2A813E0500713CF4 /* Assets.xcassets */ = {isa = PBXFileReference; lastKnownFileType = folder.assetcatalog; path = Assets.xcassets; sourceTree = "<group>"; };
		4708914D2A813E0500713CF4 /* Booking.entitlements */ = {isa = PBXFileReference; lastKnownFileType = text.plist.entitlements; path = Booking.entitlements; sourceTree = "<group>"; };
		4708914F2A813E0500713CF4 /* Preview Assets.xcassets */ = {isa = PBXFileReference; lastKnownFileType = folder.assetcatalog; path = "Preview Assets.xcassets"; sourceTree = "<group>"; };
		470891552A813E0500713CF4 /* BookingTests.xctest */ = {isa = PBXFileReference; explicitFileType = wrapper.cfbundle; includeInIndex = 0; path = BookingTests.xctest; sourceTree = BUILT_PRODUCTS_DIR; };
		470891592A813E0500713CF4 /* BookingTests.swift */ = {isa = PBXFileReference; lastKnownFileType = sourcecode.swift; path = BookingTests.swift; sourceTree = "<group>"; };
		4708915F2A813E0500713CF4 /* BookingUITests.xctest */ = {isa = PBXFileReference; explicitFileType = wrapper.cfbundle; includeInIndex = 0; path = BookingUITests.xctest; sourceTree = BUILT_PRODUCTS_DIR; };
		470891632A813E0500713CF4 /* BookingUITests.swift */ = {isa = PBXFileReference; lastKnownFileType = sourcecode.swift; path = BookingUITests.swift; sourceTree = "<group>"; };
		470891652A813E0500713CF4 /* BookingUITestsLaunchTests.swift */ = {isa = PBXFileReference; lastKnownFileType = sourcecode.swift; path = BookingUITestsLaunchTests.swift; sourceTree = "<group>"; };
/* End PBXFileReference section */

/* Begin PBXFrameworksBuildPhase section */
		470891412A813E0400713CF4 /* Frameworks */ = {
			isa = PBXFrameworksBuildPhase;
			buildActionMask = 2147483647;
			files = (
			);
			runOnlyForDeploymentPostprocessing = 0;
		};
		470891522A813E0500713CF4 /* Frameworks */ = {
			isa = PBXFrameworksBuildPhase;
			buildActionMask = 2147483647;
			files = (
			);
			runOnlyForDeploymentPostprocessing = 0;
		};
		4708915C2A813E0500713CF4 /* Frameworks */ = {
			isa = PBXFrameworksBuildPhase;
			buildActionMask = 2147483647;
			files = (
			);
			runOnlyForDeploymentPostprocessing = 0;
		};
/* End PBXFrameworksBuildPhase section */

/* Begin PBXGroup section */
		4708913B2A813E0400713CF4 = {
			isa = PBXGroup;
			children = (
				470891462A813E0400713CF4 /* Booking */,
				470891582A813E0500713CF4 /* BookingTests */,
				470891622A813E0500713CF4 /* BookingUITests */,
				470891452A813E0400713CF4 /* Products */,
			);
			sourceTree = "<group>";
		};
		470891452A813E0400713CF4 /* Products */ = {
			isa = PBXGroup;
			children = (
				470891442A813E0400713CF4 /* Booking.app */,
				470891552A813E0500713CF4 /* BookingTests.xctest */,
				4708915F2A813E0500713CF4 /* BookingUITests.xctest */,
			);
			name = Products;
			sourceTree = "<group>";
		};
		470891462A813E0400713CF4 /* Booking */ = {
			isa = PBXGroup;
			children = (
				470891472A813E0400713CF4 /* BookingApp.swift */,
				470891492A813E0400713CF4 /* ContentView.swift */,
				4708914B2A813E0500713CF4 /* Assets.xcassets */,
				4708914D2A813E0500713CF4 /* Booking.entitlements */,
				4708914E2A813E0500713CF4 /* Preview Content */,
			);
			path = Booking;
			sourceTree = "<group>";
		};
		4708914E2A813E0500713CF4 /* Preview Content */ = {
			isa = PBXGroup;
			children = (
				4708914F2A813E0500713CF4 /* Preview Assets.xcassets */,
			);
			path = "Preview Content";
			sourceTree = "<group>";
		};
		470891582A813E0500713CF4 /* BookingTests */ = {
			isa = PBXGroup;
			children = (
				470891592A813E0500713CF4 /* BookingTests.swift */,
			);
			path = BookingTests;
			sourceTree = "<group>";
		};
		470891622A813E0500713CF4 /* BookingUITests */ = {
			isa = PBXGroup;
			children = (
				470891632A813E0500713CF4 /* BookingUITests.swift */,
				470891652A813E0500713CF4 /* BookingUITestsLaunchTests.swift */,
			);
			path = BookingUITests;
			sourceTree = "<group>";
		};
/* End PBXGroup section */

/* Begin PBXNativeTarget section */
		470891432A813E0400713CF4 /* Booking */ = {
			isa = PBXNativeTarget;
			buildConfigurationList = 470891692A813E0500713CF4 /* Build configuration list for PBXNativeTarget "Booking" */;
			buildPhases = (
				470891402A813E0400713CF4 /* Sources */,
				470891412A813E0400713CF4 /* Frameworks */,
				470891422A813E0400713CF4 /* Resources */,
			);
			buildRules = (
			);
			dependencies = (
			);
			name = Booking;
			productName = Booking;
			productReference = 470891442A813E0400713CF4 /* Booking.app */;
			productType = "com.apple.product-type.application";
		};
		470891542A813E0500713CF4 /* BookingTests */ = {
			isa = PBXNativeTarget;
			buildConfigurationList = 4708916C2A813E0500713CF4 /* Build configuration list for PBXNativeTarget "BookingTests" */;
			buildPhases = (
				470891512A813E0500713CF4 /* Sources */,
				470891522A813E0500713CF4 /* Frameworks */,
				470891532A813E0500713CF4 /* Resources */,
			);
			buildRules = (
			);
			dependencies = (
				470891572A813E0500713CF4 /* PBXTargetDependency */,
			);
			name = BookingTests;
			productName = BookingTests;
			productReference = 470891552A813E0500713CF4 /* BookingTests.xctest */;
			productType = "com.apple.product-type.bundle.unit-test";
		};
		4708915E2A813E0500713CF4 /* BookingUITests */ = {
			isa = PBXNativeTarget;
			buildConfigurationList = 4708916F2A813E0500713CF4 /* Build configuration list for PBXNativeTarget "BookingUITests" */;
			buildPhases = (
				4708915B2A813E0500713CF4 /* Sources */,
				4708915C2A813E0500713CF4 /* Frameworks */,
				4708915D2A813E0500713CF4 /* Resources */,
			);
			buildRules = (
			);
			dependencies = (
				470891612A813E0500713CF4 /* PBXTargetDependency */,
			);
			name = BookingUITests;
			productName = BookingUITests;
			productReference = 4708915F2A813E0500713CF4 /* BookingUITests.xctest */;
			productType = "com.apple.product-type.bundle.ui-testing";
		};
/* End PBXNativeTarget section */

/* Begin PBXProject section */
		4708913C2A813E0400713CF4 /* Project object */ = {
			isa = PBXProject;
			attributes = {
				BuildIndependentTargetsInParallel = 1;
				LastSwiftUpdateCheck = 1420;
				LastUpgradeCheck = 1420;
				TargetAttributes = {
					470891432A813E0400713CF4 = {
						CreatedOnToolsVersion = 14.2;
					};
					470891542A813E0500713CF4 = {
						CreatedOnToolsVersion = 14.2;
						TestTargetID = 470891432A813E0400713CF4;
					};
					4708915E2A813E0500713CF4 = {
						CreatedOnToolsVersion = 14.2;
						TestTargetID = 470891432A813E0400713CF4;
					};
				};
			};
			buildConfigurationList = 4708913F2A813E0400713CF4 /* Build configuration list for PBXProject "Booking" */;
			compatibilityVersion = "Xcode 14.0";
			developmentRegion = en;
			hasScannedForEncodings = 0;
			knownRegions = (
				en,
				Base,
			);
			mainGroup = 4708913B2A813E0400713CF4;
			productRefGroup = 470891452A813E0400713CF4 /* Products */;
			projectDirPath = "";
			projectRoot = "";
			targets = (
				470891432A813E0400713CF4 /* Booking */,
				470891542A813E0500713CF4 /* BookingTests */,
				4708915E2A813E0500713CF4 /* BookingUITests */,
			);
		};
/* End PBXProject section */

/* Begin PBXResourcesBuildPhase section */
		470891422A813E0400713CF4 /* Resources */ = {
			isa = PBXResourcesBuildPhase;
			buildActionMask = 2147483647;
			files = (
				470891502A813E0500713CF4 /* Preview Assets.xcassets in Resources */,
				4708914C2A813E0500713CF4 /* Assets.xcassets in Resources */,
			);
			runOnlyForDeploymentPostprocessing = 0;
		};
		470891532A813E0500713CF4 /* Resources */ = {
			isa = PBXResourcesBuildPhase;
			buildActionMask = 2147483647;
			files = (
			);
			runOnlyForDeploymentPostprocessing = 0;
		};
		4708915D2A813E0500713CF4 /* Resources */ = {
			isa = PBXResourcesBuildPhase;
			buildActionMask = 2147483647;
			files = (
			);
			runOnlyForDeploymentPostprocessing = 0;
		};
/* End PBXResourcesBuildPhase section */

/* Begin PBXSourcesBuildPhase section */
		470891402A813E0400713CF4 /* Sources */ = {
			isa = PBXSourcesBuildPhase;
			buildActionMask = 2147483647;
			files = (
				4708914A2A813E0400713CF4 /* ContentView.swift in Sources */,
				470891482A813E0400713CF4 /* BookingApp.swift in Sources */,
			);
			runOnlyForDeploymentPostprocessing = 0;
		};
		470891512A813E0500713CF4 /* Sources */ = {
			isa = PBXSourcesBuildPhase;
			buildActionMask = 2147483647;
			files = (
				4708915A2A813E0500713CF4 /* BookingTests.swift in Sources */,
			);
			runOnlyForDeploymentPostprocessing = 0;
		};
		4708915B2A813E0500713CF4 /* Sources */ = {
			isa = PBXSourcesBuildPhase;
			buildActionMask = 2147483647;
			files = (
				470891662A813E0500713CF4 /* BookingUITestsLaunchTests.swift in Sources */,
				470891642A813E0500713CF4 /* BookingUITests.swift in Sources */,
			);
			runOnlyForDeploymentPostprocessing = 0;
		};
/* End PBXSourcesBuildPhase section */

/* Begin PBXTargetDependency section */
		470891572A813E0500713CF4 /* PBXTargetDependency */ = {
			isa = PBXTargetDependency;
			target = 470891432A813E0400713CF4 /* Booking */;
			targetProxy = 470891562A813E0500713CF4 /* PBXContainerItemProxy */;
		};
		470891612A813E0500713CF4 /* PBXTargetDependency */ = {
			isa = PBXTargetDependency;
			target = 470891432A813E0400713CF4 /* Booking */;
			targetProxy = 470891602A813E0500713CF4 /* PBXContainerItemProxy */;
		};
/* End PBXTargetDependency section */

/* Begin XCBuildConfiguration section */
		470891672A813E0500713CF4 /* Debug */ = {
			isa = XCBuildConfiguration;
			buildSettings = {
				ALWAYS_SEARCH_USER_PATHS = NO;
				CLANG_ANALYZER_NONNULL = YES;
				CLANG_ANALYZER_NUMBER_OBJECT_CONVERSION = YES_AGGRESSIVE;
				CLANG_CXX_LANGUAGE_STANDARD = "gnu++20";
				CLANG_ENABLE_MODULES = YES;
				CLANG_ENABLE_OBJC_ARC = YES;
				CLANG_ENABLE_OBJC_WEAK = YES;
				CLANG_WARN_BLOCK_CAPTURE_AUTORELEASING = YES;
				CLANG_WARN_BOOL_CONVERSION = YES;
				CLANG_WARN_COMMA = YES;
				CLANG_WARN_CONSTANT_CONVERSION = YES;
				CLANG_WARN_DEPRECATED_OBJC_IMPLEMENTATIONS = YES;
				CLANG_WARN_DIRECT_OBJC_ISA_USAGE = YES_ERROR;
				CLANG_WARN_DOCUMENTATION_COMMENTS = YES;
				CLANG_WARN_EMPTY_BODY = YES;
				CLANG_WARN_ENUM_CONVERSION = YES;
				CLANG_WARN_INFINITE_RECURSION = YES;
				CLANG_WARN_INT_CONVERSION = YES;
				CLANG_WARN_NON_LITERAL_NULL_CONVERSION = YES;
				CLANG_WARN_OBJC_IMPLICIT_RETAIN_SELF = YES;
				CLANG_WARN_OBJC_LITERAL_CONVERSION = YES;
				CLANG_WARN_OBJC_ROOT_CLASS = YES_ERROR;
				CLANG_WARN_QUOTED_INCLUDE_IN_FRAMEWORK_HEADER = YES;
				CLANG_WARN_RANGE_LOOP_ANALYSIS = YES;
				CLANG_WARN_STRICT_PROTOTYPES = YES;
				CLANG_WARN_SUSPICIOUS_MOVE = YES;
				CLANG_WARN_UNGUARDED_AVAILABILITY = YES_AGGRESSIVE;
				CLANG_WARN_UNREACHABLE_CODE = YES;
				CLANG_WARN__DUPLICATE_METHOD_MATCH = YES;
				COPY_PHASE_STRIP = NO;
				DEBUG_INFORMATION_FORMAT = dwarf;
				ENABLE_STRICT_OBJC_MSGSEND = YES;
				ENABLE_TESTABILITY = YES;
				GCC_C_LANGUAGE_STANDARD = gnu11;
				GCC_DYNAMIC_NO_PIC = NO;
				GCC_NO_COMMON_BLOCKS = YES;
				GCC_OPTIMIZATION_LEVEL = 0;
				GCC_PREPROCESSOR_DEFINITIONS = (
					"DEBUG=1",
					"$(inherited)",
				);
				GCC_WARN_64_TO_32_BIT_CONVERSION = YES;
				GCC_WARN_ABOUT_RETURN_TYPE = YES_ERROR;
				GCC_WARN_UNDECLARED_SELECTOR = YES;
				GCC_WARN_UNINITIALIZED_AUTOS = YES_AGGRESSIVE;
				GCC_WARN_UNUSED_FUNCTION = YES;
				GCC_WARN_UNUSED_VARIABLE = YES;
				MTL_ENABLE_DEBUG_INFO = INCLUDE_SOURCE;
				MTL_FAST_MATH = YES;
				ONLY_ACTIVE_ARCH = YES;
				SWIFT_ACTIVE_COMPILATION_CONDITIONS = DEBUG;
				SWIFT_OPTIMIZATION_LEVEL = "-Onone";
			};
			name = Debug;
		};
		470891682A813E0500713CF4 /* Release */ = {
			isa = XCBuildConfiguration;
			buildSettings = {
				ALWAYS_SEARCH_USER_PATHS = NO;
				CLANG_ANALYZER_NONNULL = YES;
				CLANG_ANALYZER_NUMBER_OBJECT_CONVERSION = YES_AGGRESSIVE;
				CLANG_CXX_LANGUAGE_STANDARD = "gnu++20";
				CLANG_ENABLE_MODULES = YES;
				CLANG_ENABLE_OBJC_ARC = YES;
				CLANG_ENABLE_OBJC_WEAK = YES;
				CLANG_WARN_BLOCK_CAPTURE_AUTORELEASING = YES;
				CLANG_WARN_BOOL_CONVERSION = YES;
				CLANG_WARN_COMMA = YES;
				CLANG_WARN_CONSTANT_CONVERSION = YES;
				CLANG_WARN_DEPRECATED_OBJC_IMPLEMENTATIONS = YES;
				CLANG_WARN_DIRECT_OBJC_ISA_USAGE = YES_ERROR;
				CLANG_WARN_DOCUMENTATION_COMMENTS = YES;
				CLANG_WARN_EMPTY_BODY = YES;
				CLANG_WARN_ENUM_CONVERSION = YES;
				CLANG_WARN_INFINITE_RECURSION = YES;
				CLANG_WARN_INT_CONVERSION = YES;
				CLANG_WARN_NON_LITERAL_NULL_CONVERSION = YES;
				CLANG_WARN_OBJC_IMPLICIT_RETAIN_SELF = YES;
				CLANG_WARN_OBJC_LITERAL_CONVERSION = YES;
				CLANG_WARN_OBJC_ROOT_CLASS = YES_ERROR;
				CLANG_WARN_QUOTED_INCLUDE_IN_FRAMEWORK_HEADER = YES;
				CLANG_WARN_RANGE_LOOP_ANALYSIS = YES;
				CLANG_WARN_STRICT_PROTOTYPES = YES;
				CLANG_WARN_SUSPICIOUS_MOVE = YES;
				CLANG_WARN_UNGUARDED_AVAILABILITY = YES_AGGRESSIVE;
				CLANG_WARN_UNREACHABLE_CODE = YES;
				CLANG_WARN__DUPLICATE_METHOD_MATCH = YES;
				COPY_PHASE_STRIP = NO;
				DEBUG_INFORMATION_FORMAT = "dwarf-with-dsym";
				ENABLE_NS_ASSERTIONS = NO;
				ENABLE_STRICT_OBJC_MSGSEND = YES;
				GCC_C_LANGUAGE_STANDARD = gnu11;
				GCC_NO_COMMON_BLOCKS = YES;
				GCC_WARN_64_TO_32_BIT_CONVERSION = YES;
				GCC_WARN_ABOUT_RETURN_TYPE = YES_ERROR;
				GCC_WARN_UNDECLARED_SELECTOR = YES;
				GCC_WARN_UNINITIALIZED_AUTOS = YES_AGGRESSIVE;
				GCC_WARN_UNUSED_FUNCTION = YES;
				GCC_WARN_UNUSED_VARIABLE = YES;
				MTL_ENABLE_DEBUG_INFO = NO;
				MTL_FAST_MATH = YES;
				SWIFT_COMPILATION_MODE = wholemodule;
				SWIFT_OPTIMIZATION_LEVEL = "-O";
			};
			name = Release;
		};
		4708916A2A813E0500713CF4 /* Debug */ = {
			isa = XCBuildConfiguration;
			buildSettings = {
				ASSETCATALOG_COMPILER_APPICON_NAME = AppIcon;
				ASSETCATALOG_COMPILER_GLOBAL_ACCENT_COLOR_NAME = AccentColor;
				CODE_SIGN_ENTITLEMENTS = Booking/Booking.entitlements;
				CODE_SIGN_STYLE = Automatic;
				CURRENT_PROJECT_VERSION = 1;
				DEVELOPMENT_ASSET_PATHS = "\"Booking/Preview Content\"";
				DEVELOPMENT_TEAM = S4K8QNVVRR;
				ENABLE_HARDENED_RUNTIME = YES;
				ENABLE_PREVIEWS = YES;
				GENERATE_INFOPLIST_FILE = YES;
				"INFOPLIST_KEY_UIApplicationSceneManifest_Generation[sdk=iphoneos*]" = YES;
				"INFOPLIST_KEY_UIApplicationSceneManifest_Generation[sdk=iphonesimulator*]" = YES;
				"INFOPLIST_KEY_UIApplicationSupportsIndirectInputEvents[sdk=iphoneos*]" = YES;
				"INFOPLIST_KEY_UIApplicationSupportsIndirectInputEvents[sdk=iphonesimulator*]" = YES;
				"INFOPLIST_KEY_UILaunchScreen_Generation[sdk=iphoneos*]" = YES;
				"INFOPLIST_KEY_UILaunchScreen_Generation[sdk=iphonesimulator*]" = YES;
				"INFOPLIST_KEY_UIStatusBarStyle[sdk=iphoneos*]" = UIStatusBarStyleDefault;
				"INFOPLIST_KEY_UIStatusBarStyle[sdk=iphonesimulator*]" = UIStatusBarStyleDefault;
				INFOPLIST_KEY_UISupportedInterfaceOrientations_iPad = "UIInterfaceOrientationPortrait UIInterfaceOrientationPortraitUpsideDown UIInterfaceOrientationLandscapeLeft UIInterfaceOrientationLandscapeRight";
				INFOPLIST_KEY_UISupportedInterfaceOrientations_iPhone = "UIInterfaceOrientationPortrait UIInterfaceOrientationLandscapeLeft UIInterfaceOrientationLandscapeRight";
				IPHONEOS_DEPLOYMENT_TARGET = 16.2;
				LD_RUNPATH_SEARCH_PATHS = "@executable_path/Frameworks";
				"LD_RUNPATH_SEARCH_PATHS[sdk=macosx*]" = "@executable_path/../Frameworks";
				MACOSX_DEPLOYMENT_TARGET = 13.1;
				MARKETING_VERSION = 1.0;
				PRODUCT_BUNDLE_IDENTIFIER = net.meandlife.Booking;
				PRODUCT_NAME = "$(TARGET_NAME)";
				SDKROOT = auto;
				SUPPORTED_PLATFORMS = "iphoneos iphonesimulator macosx";
				SWIFT_EMIT_LOC_STRINGS = YES;
				SWIFT_VERSION = 5.0;
				TARGETED_DEVICE_FAMILY = "1,2";
			};
			name = Debug;
		};
		4708916B2A813E0500713CF4 /* Release */ = {
			isa = XCBuildConfiguration;
			buildSettings = {
				ASSETCATALOG_COMPILER_APPICON_NAME = AppIcon;
				ASSETCATALOG_COMPILER_GLOBAL_ACCENT_COLOR_NAME = AccentColor;
				CODE_SIGN_ENTITLEMENTS = Booking/Booking.entitlements;
				CODE_SIGN_STYLE = Automatic;
				CURRENT_PROJECT_VERSION = 1;
				DEVELOPMENT_ASSET_PATHS = "\"Booking/Preview Content\"";
				DEVELOPMENT_TEAM = S4K8QNVVRR;
				ENABLE_HARDENED_RUNTIME = YES;
				ENABLE_PREVIEWS = YES;
				GENERATE_INFOPLIST_FILE = YES;
				"INFOPLIST_KEY_UIApplicationSceneManifest_Generation[sdk=iphoneos*]" = YES;
				"INFOPLIST_KEY_UIApplicationSceneManifest_Generation[sdk=iphonesimulator*]" = YES;
				"INFOPLIST_KEY_UIApplicationSupportsIndirectInputEvents[sdk=iphoneos*]" = YES;
				"INFOPLIST_KEY_UIApplicationSupportsIndirectInputEvents[sdk=iphonesimulator*]" = YES;
				"INFOPLIST_KEY_UILaunchScreen_Generation[sdk=iphoneos*]" = YES;
				"INFOPLIST_KEY_UILaunchScreen_Generation[sdk=iphonesimulator*]" = YES;
				"INFOPLIST_KEY_UIStatusBarStyle[sdk=iphoneos*]" = UIStatusBarStyleDefault;
				"INFOPLIST_KEY_UIStatusBarStyle[sdk=iphonesimulator*]" = UIStatusBarStyleDefault;
				INFOPLIST_KEY_UISupportedInterfaceOrientations_iPad = "UIInterfaceOrientationPortrait UIInterfaceOrientationPortraitUpsideDown UIInterfaceOrientationLandscapeLeft UIInterfaceOrientationLandscapeRight";
				INFOPLIST_KEY_UISupportedInterfaceOrientations_iPhone = "UIInterfaceOrientationPortrait UIInterfaceOrientationLandscapeLeft UIInterfaceOrientationLandscapeRight";
				IPHONEOS_DEPLOYMENT_TARGET = 16.2;
				LD_RUNPATH_SEARCH_PATHS = "@executable_path/Frameworks";
				"LD_RUNPATH_SEARCH_PATHS[sdk=macosx*]" = "@executable_path/../Frameworks";
				MACOSX_DEPLOYMENT_TARGET = 13.1;
				MARKETING_VERSION = 1.0;
				PRODUCT_BUNDLE_IDENTIFIER = net.meandlife.Booking;
				PRODUCT_NAME = "$(TARGET_NAME)";
				SDKROOT = auto;
				SUPPORTED_PLATFORMS = "iphoneos iphonesimulator macosx";
				SWIFT_EMIT_LOC_STRINGS = YES;
				SWIFT_VERSION = 5.0;
				TARGETED_DEVICE_FAMILY = "1,2";
			};
			name = Release;
		};
		4708916D2A813E0500713CF4 /* Debug */ = {
			isa = XCBuildConfiguration;
			buildSettings = {
				ALWAYS_EMBED_SWIFT_STANDARD_LIBRARIES = YES;
				BUNDLE_LOADER = "$(TEST_HOST)";
				CODE_SIGN_STYLE = Automatic;
				CURRENT_PROJECT_VERSION = 1;
				DEVELOPMENT_TEAM = S4K8QNVVRR;
				GENERATE_INFOPLIST_FILE = YES;
				IPHONEOS_DEPLOYMENT_TARGET = 16.2;
				MACOSX_DEPLOYMENT_TARGET = 13.1;
				MARKETING_VERSION = 1.0;
				PRODUCT_BUNDLE_IDENTIFIER = net.meandlife.BookingTests;
				PRODUCT_NAME = "$(TARGET_NAME)";
				SDKROOT = auto;
				SUPPORTED_PLATFORMS = "iphoneos iphonesimulator macosx";
				SWIFT_EMIT_LOC_STRINGS = NO;
				SWIFT_VERSION = 5.0;
				TARGETED_DEVICE_FAMILY = "1,2";
				TEST_HOST = "$(BUILT_PRODUCTS_DIR)/Booking.app/$(BUNDLE_EXECUTABLE_FOLDER_PATH)/Booking";
			};
			name = Debug;
		};
		4708916E2A813E0500713CF4 /* Release */ = {
			isa = XCBuildConfiguration;
			buildSettings = {
				ALWAYS_EMBED_SWIFT_STANDARD_LIBRARIES = YES;
				BUNDLE_LOADER = "$(TEST_HOST)";
				CODE_SIGN_STYLE = Automatic;
				CURRENT_PROJECT_VERSION = 1;
				DEVELOPMENT_TEAM = S4K8QNVVRR;
				GENERATE_INFOPLIST_FILE = YES;
				IPHONEOS_DEPLOYMENT_TARGET = 16.2;
				MACOSX_DEPLOYMENT_TARGET = 13.1;
				MARKETING_VERSION = 1.0;
				PRODUCT_BUNDLE_IDENTIFIER = net.meandlife.BookingTests;
				PRODUCT_NAME = "$(TARGET_NAME)";
				SDKROOT = auto;
				SUPPORTED_PLATFORMS = "iphoneos iphonesimulator macosx";
				SWIFT_EMIT_LOC_STRINGS = NO;
				SWIFT_VERSION = 5.0;
				TARGETED_DEVICE_FAMILY = "1,2";
				TEST_HOST = "$(BUILT_PRODUCTS_DIR)/Booking.app/$(BUNDLE_EXECUTABLE_FOLDER_PATH)/Booking";
			};
			name = Release;
		};
		470891702A813E0500713CF4 /* Debug */ = {
			isa = XCBuildConfiguration;
			buildSettings = {
				ALWAYS_EMBED_SWIFT_STANDARD_LIBRARIES = YES;
				CODE_SIGN_STYLE = Automatic;
				CURRENT_PROJECT_VERSION = 1;
				DEVELOPMENT_TEAM = S4K8QNVVRR;
				GENERATE_INFOPLIST_FILE = YES;
				IPHONEOS_DEPLOYMENT_TARGET = 16.2;
				MACOSX_DEPLOYMENT_TARGET = 13.1;
				MARKETING_VERSION = 1.0;
				PRODUCT_BUNDLE_IDENTIFIER = net.meandlife.BookingUITests;
				PRODUCT_NAME = "$(TARGET_NAME)";
				SDKROOT = auto;
				SUPPORTED_PLATFORMS = "iphoneos iphonesimulator macosx";
				SWIFT_EMIT_LOC_STRINGS = NO;
				SWIFT_VERSION = 5.0;
				TARGETED_DEVICE_FAMILY = "1,2";
				TEST_TARGET_NAME = Booking;
			};
			name = Debug;
		};
		470891712A813E0500713CF4 /* Release */ = {
			isa = XCBuildConfiguration;
			buildSettings = {
				ALWAYS_EMBED_SWIFT_STANDARD_LIBRARIES = YES;
				CODE_SIGN_STYLE = Automatic;
				CURRENT_PROJECT_VERSION = 1;
				DEVELOPMENT_TEAM = S4K8QNVVRR;
				GENERATE_INFOPLIST_FILE = YES;
				IPHONEOS_DEPLOYMENT_TARGET = 16.2;
				MACOSX_DEPLOYMENT_TARGET = 13.1;
				MARKETING_VERSION = 1.0;
				PRODUCT_BUNDLE_IDENTIFIER = net.meandlife.BookingUITests;
				PRODUCT_NAME = "$(TARGET_NAME)";
				SDKROOT = auto;
				SUPPORTED_PLATFORMS = "iphoneos iphonesimulator macosx";
				SWIFT_EMIT_LOC_STRINGS = NO;
				SWIFT_VERSION = 5.0;
				TARGETED_DEVICE_FAMILY = "1,2";
				TEST_TARGET_NAME = Booking;
			};
			name = Release;
		};
/* End XCBuildConfiguration section */

/* Begin XCConfigurationList section */
		4708913F2A813E0400713CF4 /* Build configuration list for PBXProject "Booking" */ = {
			isa = XCConfigurationList;
			buildConfigurations = (
				470891672A813E0500713CF4 /* Debug */,
				470891682A813E0500713CF4 /* Release */,
			);
			defaultConfigurationIsVisible = 0;
			defaultConfigurationName = Release;
		};
		470891692A813E0500713CF4 /* Build configuration list for PBXNativeTarget "Booking" */ = {
			isa = XCConfigurationList;
			buildConfigurations = (
				4708916A2A813E0500713CF4 /* Debug */,
				4708916B2A813E0500713CF4 /* Release */,
			);
			defaultConfigurationIsVisible = 0;
			defaultConfigurationName = Release;
		};
		4708916C2A813E0500713CF4 /* Build configuration list for PBXNativeTarget "BookingTests" */ = {
			isa = XCConfigurationList;
			buildConfigurations = (
				4708916D2A813E0500713CF4 /* Debug */,
				4708916E2A813E0500713CF4 /* Release */,
			);
			defaultConfigurationIsVisible = 0;
			defaultConfigurationName = Release;
		};
		4708916F2A813E0500713CF4 /* Build configuration list for PBXNativeTarget "BookingUITests" */ = {
			isa = XCConfigurationList;
			buildConfigurations = (
				470891702A813E0500713CF4 /* Debug */,
				470891712A813E0500713CF4 /* Release */,
			);
			defaultConfigurationIsVisible = 0;
			defaultConfigurationName = Release;
		};
/* End XCConfigurationList section */
	};
	rootObject = 4708913C2A813E0400713CF4 /* Project object */;
}
